<?xml version="1.0" encoding="utf-8"?>
<Project ToolsVersion="4.0" xmlns="http://schemas.microsoft.com/developer/msbuild/2003">
  <ItemGroup>
    <Filter Include="Source Files">
      <UniqueIdentifier>{4FC737F1-C7A5-4376-A066-2A32D752A2FF}</UniqueIdentifier>
      <Extensions>cpp;c;cc;cxx;def;odl;idl;hpj;bat;asm;asmx</Extensions>
    </Filter>
    <Filter Include="Header Files">
      <UniqueIdentifier>{93995380-89BD-4b04-88EB-625FBE52EBFB}</UniqueIdentifier>
      <Extensions>h;hh;hpp;hxx;hm;inl;inc;xsd</Extensions>
    </Filter>
    <Filter Include="Resource Files">
      <UniqueIdentifier>{67DA6AB6-F800-4c08-8B7A-83BB121AAD01}</UniqueIdentifier>
      <Extensions>rc;ico;cur;bmp;dlg;rc2;rct;bin;rgs;gif;jpg;jpeg;jpe;resx;tiff;tif;png;wav;mfcribbon-ms</Extensions>
    </Filter>
    <Filter Include="include">
      <UniqueIdentifier>{b732056f-6268-43e8-95be-0782b5cb0ab4}</UniqueIdentifier>
    </Filter>
  </ItemGroup>
  <ItemGroup>
    <ClCompile Include="..\zs4static\zs4node.cpp">
      <Filter>Source Files</Filter>
    </ClCompile>
    <ClCompile Include="..\zs4static\zs4node_child.cpp">
      <Filter>Source Files</Filter>
    </ClCompile>
    <ClCompile Include="..\zs4static\zs4node_html.cpp">
      <Filter>Source Files</Filter>
    </ClCompile>
    <ClCompile Include="..\zs4static\zs4node_javascript.cpp">
      <Filter>Source Files</Filter>
    </ClCompile>
    <ClCompile Include="..\zs4static\zs4node_link.cpp">
      <Filter>Source Files</Filter>
    </ClCompile>
    <ClCompile Include="..\zs4static\zs4node_login.cpp">
      <Filter>Source Files</Filter>
    </ClCompile>
    <ClCompile Include="..\zs4static\zs4boost.cpp">
      <Filter>Source Files</Filter>
    </ClCompile>
    <ClCompile Include="..\zs4static\zs4crypt.cpp">
      <Filter>Source Files</Filter>
    </ClCompile>
  </ItemGroup>
  <ItemGroup>
    <ClInclude Include="..\zs4static\zs4crypt.h">
      <Filter>Header Files</Filter>
    </ClInclude>
    <ClInclude Include="..\zs4static\tinydir.h">
      <Filter>Header Files</Filter>
    </ClInclude>
    <ClInclude Include="..\include\zs4.h">
      <Filter>include</Filter>
    </ClInclude>
    <ClInclude Include="..\include\zs4array.h">
      <Filter>include</Filter>
    </ClInclude>
    <ClInclude Include="..\include\zs4bits.h">
      <Filter>include</Filter>
    </ClInclude>
    <ClInclude Include="..\include\zs4config.h">
      <Filter>include</Filter>
    </ClInclude>
    <ClInclude Include="..\include\zs4file.h">
      <Filter>include</Filter>
    </ClInclude>
    <ClInclude Include="..\include\zs4fs.h">
      <Filter>include</Filter>
    </ClInclude>
    <ClInclude Include="..\include\zs4jsonparser.h">
      <Filter>include</Filter>
    </ClInclude>
    <ClInclude Include="..\include\zs4machine.h">
      <Filter>include</Filter>
    </ClInclude>
    <ClInclude Include="..\include\zs4macros.h">
      <Filter>include</Filter>
    </ClInclude>
    <ClInclude Include="..\include\zs4object.h">
      <Filter>include</Filter>
    </ClInclude>
    <ClInclude Include="..\include\zs4pipe.h">
      <Filter>include</Filter>
    </ClInclude>
    <ClInclude Include="..\include\zs4ring.h">
      <Filter>include</Filter>
    </ClInclude>
    <ClInclude Include="..\include\zs4stat.h">
      <Filter>include</Filter>
    </ClInclude>
    <ClInclude Include="..\include\zs4stream.h">
      <Filter>include</Filter>
    </ClInclude>
    <ClInclude Include="..\include\zs4streamhandler.h">
      <Filter>include</Filter>
    </ClInclude>
    <ClInclude Include="..\include\zs4streamserver.h">
      <Filter>include</Filter>
    </ClInclude>
    <ClInclude Include="..\include\zs4string.h">
      <Filter>include</Filter>
    </ClInclude>
    <ClInclude Include="..\include\zs4thread.h">
      <Filter>include</Filter>
    </ClInclude>
    <ClInclude Include="..\include\zs4types.h">
      <Filter>include</Filter>
    </ClInclude>
    <ClInclude Include="..\include\zs4json.h">
      <Filter>include</Filter>
    </ClInclude>
    <ClInclude Include="..\include\zs4function.h">
      <Filter>include</Filter>
    </ClInclude>
    <ClInclude Include="..\include\zs4time.h">
      <Filter>include</Filter>
    </ClInclude>
    <ClInclude Include="..\include\tinydir.h">
      <Filter>include</Filter>
    </ClInclude>
  </ItemGroup>
</Project>